// !$*UTF8*$!
{
	archiveVersion = 1;
	classes = {
	};
	objectVersion = 50;
	objects = {

/* Begin PBXBuildFile section */
		F96AC3AC2481AE4F00D843D0 /* UIView+Constraints.swift in Sources */ = {isa = PBXBuildFile; fileRef = F96AC3AB2481AE4F00D843D0 /* UIView+Constraints.swift */; };
		F9720BEB247B08E10070C4DF /* AppDelegate.swift in Sources */ = {isa = PBXBuildFile; fileRef = F9720BEA247B08E10070C4DF /* AppDelegate.swift */; };
		F9720BED247B08E10070C4DF /* SceneDelegate.swift in Sources */ = {isa = PBXBuildFile; fileRef = F9720BEC247B08E10070C4DF /* SceneDelegate.swift */; };
		F9720BEF247B08E10070C4DF /* MeasurementViewController.swift in Sources */ = {isa = PBXBuildFile; fileRef = F9720BEE247B08E10070C4DF /* MeasurementViewController.swift */; };
		F9720BF2247B08E10070C4DF /* Main.storyboard in Resources */ = {isa = PBXBuildFile; fileRef = F9720BF0247B08E10070C4DF /* Main.storyboard */; };
		F9720BF4247B08E20070C4DF /* Assets.xcassets in Resources */ = {isa = PBXBuildFile; fileRef = F9720BF3247B08E20070C4DF /* Assets.xcassets */; };
		F9720BF7247B08E20070C4DF /* LaunchScreen.storyboard in Resources */ = {isa = PBXBuildFile; fileRef = F9720BF5247B08E20070C4DF /* LaunchScreen.storyboard */; };
		F9B1AE57248DAC1B00BCD4D6 /* MeasurementDraft.swift in Sources */ = {isa = PBXBuildFile; fileRef = F9B1AE56248DAC1B00BCD4D6 /* MeasurementDraft.swift */; };
		F9B1AE59248DAC7000BCD4D6 /* DotNode.swift in Sources */ = {isa = PBXBuildFile; fileRef = F9B1AE58248DAC7000BCD4D6 /* DotNode.swift */; };
		F9B1AE5B248DACAF00BCD4D6 /* Line.swift in Sources */ = {isa = PBXBuildFile; fileRef = F9B1AE5A248DACAF00BCD4D6 /* Line.swift */; };
		F9B1AE5D248DACD200BCD4D6 /* CylinderLineNode.swift in Sources */ = {isa = PBXBuildFile; fileRef = F9B1AE5C248DACD200BCD4D6 /* CylinderLineNode.swift */; };
		F9B1AE5F248DB4EC00BCD4D6 /* PlaneNode.swift in Sources */ = {isa = PBXBuildFile; fileRef = F9B1AE54248DABB200BCD4D6 /* PlaneNode.swift */; };
		F9B7D1D22481919E00DDD48F /* MeasurementView.swift in Sources */ = {isa = PBXBuildFile; fileRef = F9B7D1D12481919E00DDD48F /* MeasurementView.swift */; };
		F9B7D1D4248191E900DDD48F /* ARSceneView+Additions.swift in Sources */ = {isa = PBXBuildFile; fileRef = F9B7D1D3248191E900DDD48F /* ARSceneView+Additions.swift */; };
/* End PBXBuildFile section */

/* Begin PBXFileReference section */
		F96AC3AB2481AE4F00D843D0 /* UIView+Constraints.swift */ = {isa = PBXFileReference; lastKnownFileType = sourcecode.swift; path = "UIView+Constraints.swift"; sourceTree = "<group>"; };
		F9720BE7247B08E10070C4DF /* ARMeasurementScreenBlogPost.app */ = {isa = PBXFileReference; explicitFileType = wrapper.application; includeInIndex = 0; path = ARMeasurementScreenBlogPost.app; sourceTree = BUILT_PRODUCTS_DIR; };
		F9720BEA247B08E10070C4DF /* AppDelegate.swift */ = {isa = PBXFileReference; lastKnownFileType = sourcecode.swift; path = AppDelegate.swift; sourceTree = "<group>"; };
		F9720BEC247B08E10070C4DF /* SceneDelegate.swift */ = {isa = PBXFileReference; lastKnownFileType = sourcecode.swift; path = SceneDelegate.swift; sourceTree = "<group>"; };
		F9720BEE247B08E10070C4DF /* MeasurementViewController.swift */ = {isa = PBXFileReference; lastKnownFileType = sourcecode.swift; path = MeasurementViewController.swift; sourceTree = "<group>"; };
		F9720BF1247B08E10070C4DF /* Base */ = {isa = PBXFileReference; lastKnownFileType = file.storyboard; name = Base; path = Base.lproj/Main.storyboard; sourceTree = "<group>"; };
		F9720BF3247B08E20070C4DF /* Assets.xcassets */ = {isa = PBXFileReference; lastKnownFileType = folder.assetcatalog; path = Assets.xcassets; sourceTree = "<group>"; };
		F9720BF6247B08E20070C4DF /* Base */ = {isa = PBXFileReference; lastKnownFileType = file.storyboard; name = Base; path = Base.lproj/LaunchScreen.storyboard; sourceTree = "<group>"; };
		F9720BF8247B08E20070C4DF /* Info.plist */ = {isa = PBXFileReference; lastKnownFileType = text.plist.xml; path = Info.plist; sourceTree = "<group>"; };
		F9B1AE54248DABB200BCD4D6 /* PlaneNode.swift */ = {isa = PBXFileReference; lastKnownFileType = sourcecode.swift; path = PlaneNode.swift; sourceTree = "<group>"; };
		F9B1AE56248DAC1B00BCD4D6 /* MeasurementDraft.swift */ = {isa = PBXFileReference; lastKnownFileType = sourcecode.swift; path = MeasurementDraft.swift; sourceTree = "<group>"; };
		F9B1AE58248DAC7000BCD4D6 /* DotNode.swift */ = {isa = PBXFileReference; lastKnownFileType = sourcecode.swift; path = DotNode.swift; sourceTree = "<group>"; };
		F9B1AE5A248DACAF00BCD4D6 /* Line.swift */ = {isa = PBXFileReference; lastKnownFileType = sourcecode.swift; path = Line.swift; sourceTree = "<group>"; };
		F9B1AE5C248DACD200BCD4D6 /* CylinderLineNode.swift */ = {isa = PBXFileReference; lastKnownFileType = sourcecode.swift; path = CylinderLineNode.swift; sourceTree = "<group>"; };
		F9B7D1D12481919E00DDD48F /* MeasurementView.swift */ = {isa = PBXFileReference; lastKnownFileType = sourcecode.swift; path = MeasurementView.swift; sourceTree = "<group>"; };
		F9B7D1D3248191E900DDD48F /* ARSceneView+Additions.swift */ = {isa = PBXFileReference; lastKnownFileType = sourcecode.swift; path = "ARSceneView+Additions.swift"; sourceTree = "<group>"; };
/* End PBXFileReference section */

/* Begin PBXFrameworksBuildPhase section */
		F9720BE4247B08E10070C4DF /* Frameworks */ = {
			isa = PBXFrameworksBuildPhase;
			buildActionMask = 2147483647;
			files = (
			);
			runOnlyForDeploymentPostprocessing = 0;
		};
/* End PBXFrameworksBuildPhase section */

/* Begin PBXGroup section */
		F9720BDE247B08E10070C4DF = {
			isa = PBXGroup;
			children = (
				F9720BE9247B08E10070C4DF /* ARMeasurementScreenBlogPost */,
				F9720BE8247B08E10070C4DF /* Products */,
			);
			sourceTree = "<group>";
		};
		F9720BE8247B08E10070C4DF /* Products */ = {
			isa = PBXGroup;
			children = (
				F9720BE7247B08E10070C4DF /* ARMeasurementScreenBlogPost.app */,
			);
			name = Products;
			sourceTree = "<group>";
		};
		F9720BE9247B08E10070C4DF /* ARMeasurementScreenBlogPost */ = {
			isa = PBXGroup;
			children = (
				F9B7D1D5248191F700DDD48F /* Extensions */,
				F9B1AE53248D90B800BCD4D6 /* Delegates */,
				F9B1AE5E248DB49400BCD4D6 /* Models */,
				F9720BEE247B08E10070C4DF /* MeasurementViewController.swift */,
				F9B7D1D12481919E00DDD48F /* MeasurementView.swift */,
				F9720BF0247B08E10070C4DF /* Main.storyboard */,
				F9720BF3247B08E20070C4DF /* Assets.xcassets */,
				F9720BF5247B08E20070C4DF /* LaunchScreen.storyboard */,
				F9720BF8247B08E20070C4DF /* Info.plist */,
			);
			path = ARMeasurementScreenBlogPost;
			sourceTree = "<group>";
		};
		F9B1AE53248D90B800BCD4D6 /* Delegates */ = {
			isa = PBXGroup;
			children = (
				F9720BEA247B08E10070C4DF /* AppDelegate.swift */,
				F9720BEC247B08E10070C4DF /* SceneDelegate.swift */,
			);
			path = Delegates;
			sourceTree = "<group>";
		};
		F9B1AE5E248DB49400BCD4D6 /* Models */ = {
			isa = PBXGroup;
			children = (
				F9B1AE54248DABB200BCD4D6 /* PlaneNode.swift */,
				F9B1AE56248DAC1B00BCD4D6 /* MeasurementDraft.swift */,
				F9B1AE5C248DACD200BCD4D6 /* CylinderLineNode.swift */,
				F9B1AE58248DAC7000BCD4D6 /* DotNode.swift */,
				F9B1AE5A248DACAF00BCD4D6 /* Line.swift */,
			);
			path = Models;
			sourceTree = "<group>";
		};
		F9B7D1D5248191F700DDD48F /* Extensions */ = {
			isa = PBXGroup;
			children = (
				F9B7D1D3248191E900DDD48F /* ARSceneView+Additions.swift */,
				F96AC3AB2481AE4F00D843D0 /* UIView+Constraints.swift */,
			);
			path = Extensions;
			sourceTree = "<group>";
		};
/* End PBXGroup section */

/* Begin PBXNativeTarget section */
		F9720BE6247B08E10070C4DF /* ARMeasurementScreenBlogPost */ = {
			isa = PBXNativeTarget;
			buildConfigurationList = F9720BFB247B08E20070C4DF /* Build configuration list for PBXNativeTarget "ARMeasurementScreenBlogPost" */;
			buildPhases = (
				F9720BE3247B08E10070C4DF /* Sources */,
				F9720BE4247B08E10070C4DF /* Frameworks */,
				F9720BE5247B08E10070C4DF /* Resources */,
			);
			buildRules = (
			);
			dependencies = (
			);
			name = ARMeasurementScreenBlogPost;
			productName = ARMeasurementScreenBlogPost;
			productReference = F9720BE7247B08E10070C4DF /* ARMeasurementScreenBlogPost.app */;
			productType = "com.apple.product-type.application";
		};
/* End PBXNativeTarget section */

/* Begin PBXProject section */
		F9720BDF247B08E10070C4DF /* Project object */ = {
			isa = PBXProject;
			attributes = {
				LastSwiftUpdateCheck = 1150;
				LastUpgradeCheck = 1150;
				ORGANIZATIONNAME = "Hippo Foundry";
				TargetAttributes = {
					F9720BE6247B08E10070C4DF = {
						CreatedOnToolsVersion = 11.5;
					};
				};
			};
			buildConfigurationList = F9720BE2247B08E10070C4DF /* Build configuration list for PBXProject "ARMeasurementScreenBlogPost" */;
			compatibilityVersion = "Xcode 9.3";
			developmentRegion = en;
			hasScannedForEncodings = 0;
			knownRegions = (
				en,
				Base,
			);
			mainGroup = F9720BDE247B08E10070C4DF;
			productRefGroup = F9720BE8247B08E10070C4DF /* Products */;
			projectDirPath = "";
			projectRoot = "";
			targets = (
				F9720BE6247B08E10070C4DF /* ARMeasurementScreenBlogPost */,
			);
		};
/* End PBXProject section */

/* Begin PBXResourcesBuildPhase section */
		F9720BE5247B08E10070C4DF /* Resources */ = {
			isa = PBXResourcesBuildPhase;
			buildActionMask = 2147483647;
			files = (
				F9720BF7247B08E20070C4DF /* LaunchScreen.storyboard in Resources */,
				F9720BF4247B08E20070C4DF /* Assets.xcassets in Resources */,
				F9720BF2247B08E10070C4DF /* Main.storyboard in Resources */,
			);
			runOnlyForDeploymentPostprocessing = 0;
		};
/* End PBXResourcesBuildPhase section */

/* Begin PBXSourcesBuildPhase section */
		F9720BE3247B08E10070C4DF /* Sources */ = {
			isa = PBXSourcesBuildPhase;
			buildActionMask = 2147483647;
			files = (
				F9B1AE57248DAC1B00BCD4D6 /* MeasurementDraft.swift in Sources */,
				F9720BEF247B08E10070C4DF /* MeasurementViewController.swift in Sources */,
				F9B7D1D22481919E00DDD48F /* MeasurementView.swift in Sources */,
				F9B7D1D4248191E900DDD48F /* ARSceneView+Additions.swift in Sources */,
				F96AC3AC2481AE4F00D843D0 /* UIView+Constraints.swift in Sources */,
				F9720BEB247B08E10070C4DF /* AppDelegate.swift in Sources */,
				F9B1AE5F248DB4EC00BCD4D6 /* PlaneNode.swift in Sources */,
				F9B1AE59248DAC7000BCD4D6 /* DotNode.swift in Sources */,
				F9720BED247B08E10070C4DF /* SceneDelegate.swift in Sources */,
				F9B1AE5D248DACD200BCD4D6 /* CylinderLineNode.swift in Sources */,
				F9B1AE5B248DACAF00BCD4D6 /* Line.swift in Sources */,
			);
			runOnlyForDeploymentPostprocessing = 0;
		};
/* End PBXSourcesBuildPhase section */

/* Begin PBXVariantGroup section */
		F9720BF0247B08E10070C4DF /* Main.storyboard */ = {
			isa = PBXVariantGroup;
			children = (
				F9720BF1247B08E10070C4DF /* Base */,
			);
			name = Main.storyboard;
			sourceTree = "<group>";
		};
		F9720BF5247B08E20070C4DF /* LaunchScreen.storyboard */ = {
			isa = PBXVariantGroup;
			children = (
				F9720BF6247B08E20070C4DF /* Base */,
			);
			name = LaunchScreen.storyboard;
			sourceTree = "<group>";
		};
/* End PBXVariantGroup section */

/* Begin XCBuildConfiguration section */
		F9720BF9247B08E20070C4DF /* Debug */ = {
			isa = XCBuildConfiguration;
			buildSettings = {
				ALWAYS_SEARCH_USER_PATHS = NO;
				CLANG_ANALYZER_NONNULL = YES;
				CLANG_ANALYZER_NUMBER_OBJECT_CONVERSION = YES_AGGRESSIVE;
				CLANG_CXX_LANGUAGE_STANDARD = "gnu++14";
				CLANG_CXX_LIBRARY = "libc++";
				CLANG_ENABLE_MODULES = YES;
				CLANG_ENABLE_OBJC_ARC = YES;
				CLANG_ENABLE_OBJC_WEAK = YES;
				CLANG_WARN_BLOCK_CAPTURE_AUTORELEASING = YES;
				CLANG_WARN_BOOL_CONVERSION = YES;
				CLANG_WARN_COMMA = YES;
				CLANG_WARN_CONSTANT_CONVERSION = YES;
				CLANG_WARN_DEPRECATED_OBJC_IMPLEMENTATIONS = YES;
				CLANG_WARN_DIRECT_OBJC_ISA_USAGE = YES_ERROR;
				CLANG_WARN_DOCUMENTATION_COMMENTS = YES;
				CLANG_WARN_EMPTY_BODY = YES;
				CLANG_WARN_ENUM_CONVERSION = YES;
				CLANG_WARN_INFINITE_RECURSION = YES;
				CLANG_WARN_INT_CONVERSION = YES;
				CLANG_WARN_NON_LITERAL_NULL_CONVERSION = YES;
				CLANG_WARN_OBJC_IMPLICIT_RETAIN_SELF = YES;
				CLANG_WARN_OBJC_LITERAL_CONVERSION = YES;
				CLANG_WARN_OBJC_ROOT_CLASS = YES_ERROR;
				CLANG_WARN_RANGE_LOOP_ANALYSIS = YES;
				CLANG_WARN_STRICT_PROTOTYPES = YES;
				CLANG_WARN_SUSPICIOUS_MOVE = YES;
				CLANG_WARN_UNGUARDED_AVAILABILITY = YES_AGGRESSIVE;
				CLANG_WARN_UNREACHABLE_CODE = YES;
				CLANG_WARN__DUPLICATE_METHOD_MATCH = YES;
				COPY_PHASE_STRIP = NO;
				DEBUG_INFORMATION_FORMAT = dwarf;
				ENABLE_STRICT_OBJC_MSGSEND = YES;
				ENABLE_TESTABILITY = YES;
				GCC_C_LANGUAGE_STANDARD = gnu11;
				GCC_DYNAMIC_NO_PIC = NO;
				GCC_NO_COMMON_BLOCKS = YES;
				GCC_OPTIMIZATION_LEVEL = 0;
				GCC_PREPROCESSOR_DEFINITIONS = (
					"DEBUG=1",
					"$(inherited)",
				);
				GCC_WARN_64_TO_32_BIT_CONVERSION = YES;
				GCC_WARN_ABOUT_RETURN_TYPE = YES_ERROR;
				GCC_WARN_UNDECLARED_SELECTOR = YES;
				GCC_WARN_UNINITIALIZED_AUTOS = YES_AGGRESSIVE;
				GCC_WARN_UNUSED_FUNCTION = YES;
				GCC_WARN_UNUSED_VARIABLE = YES;
				IPHONEOS_DEPLOYMENT_TARGET = 13.5;
				MTL_ENABLE_DEBUG_INFO = INCLUDE_SOURCE;
				MTL_FAST_MATH = YES;
				ONLY_ACTIVE_ARCH = YES;
				SDKROOT = iphoneos;
				SWIFT_ACTIVE_COMPILATION_CONDITIONS = DEBUG;
				SWIFT_OPTIMIZATION_LEVEL = "-Onone";
			};
			name = Debug;
		};
		F9720BFA247B08E20070C4DF /* Release */ = {
			isa = XCBuildConfiguration;
			buildSettings = {
				ALWAYS_SEARCH_USER_PATHS = NO;
				CLANG_ANALYZER_NONNULL = YES;
				CLANG_ANALYZER_NUMBER_OBJECT_CONVERSION = YES_AGGRESSIVE;
				CLANG_CXX_LANGUAGE_STANDARD = "gnu++14";
				CLANG_CXX_LIBRARY = "libc++";
				CLANG_ENABLE_MODULES = YES;
				CLANG_ENABLE_OBJC_ARC = YES;
				CLANG_ENABLE_OBJC_WEAK = YES;
				CLANG_WARN_BLOCK_CAPTURE_AUTORELEASING = YES;
				CLANG_WARN_BOOL_CONVERSION = YES;
				CLANG_WARN_COMMA = YES;
				CLANG_WARN_CONSTANT_CONVERSION = YES;
				CLANG_WARN_DEPRECATED_OBJC_IMPLEMENTATIONS = YES;
				CLANG_WARN_DIRECT_OBJC_ISA_USAGE = YES_ERROR;
				CLANG_WARN_DOCUMENTATION_COMMENTS = YES;
				CLANG_WARN_EMPTY_BODY = YES;
				CLANG_WARN_ENUM_CONVERSION = YES;
				CLANG_WARN_INFINITE_RECURSION = YES;
				CLANG_WARN_INT_CONVERSION = YES;
				CLANG_WARN_NON_LITERAL_NULL_CONVERSION = YES;
				CLANG_WARN_OBJC_IMPLICIT_RETAIN_SELF = YES;
				CLANG_WARN_OBJC_LITERAL_CONVERSION = YES;
				CLANG_WARN_OBJC_ROOT_CLASS = YES_ERROR;
				CLANG_WARN_RANGE_LOOP_ANALYSIS = YES;
				CLANG_WARN_STRICT_PROTOTYPES = YES;
				CLANG_WARN_SUSPICIOUS_MOVE = YES;
				CLANG_WARN_UNGUARDED_AVAILABILITY = YES_AGGRESSIVE;
				CLANG_WARN_UNREACHABLE_CODE = YES;
				CLANG_WARN__DUPLICATE_METHOD_MATCH = YES;
				COPY_PHASE_STRIP = NO;
				DEBUG_INFORMATION_FORMAT = "dwarf-with-dsym";
				ENABLE_NS_ASSERTIONS = NO;
				ENABLE_STRICT_OBJC_MSGSEND = YES;
				GCC_C_LANGUAGE_STANDARD = gnu11;
				GCC_NO_COMMON_BLOCKS = YES;
				GCC_WARN_64_TO_32_BIT_CONVERSION = YES;
				GCC_WARN_ABOUT_RETURN_TYPE = YES_ERROR;
				GCC_WARN_UNDECLARED_SELECTOR = YES;
				GCC_WARN_UNINITIALIZED_AUTOS = YES_AGGRESSIVE;
				GCC_WARN_UNUSED_FUNCTION = YES;
				GCC_WARN_UNUSED_VARIABLE = YES;
				IPHONEOS_DEPLOYMENT_TARGET = 13.5;
				MTL_ENABLE_DEBUG_INFO = NO;
				MTL_FAST_MATH = YES;
				SDKROOT = iphoneos;
				SWIFT_COMPILATION_MODE = wholemodule;
				SWIFT_OPTIMIZATION_LEVEL = "-O";
				VALIDATE_PRODUCT = YES;
			};
			name = Release;
		};
		F9720BFC247B08E20070C4DF /* Debug */ = {
			isa = XCBuildConfiguration;
			buildSettings = {
				ASSETCATALOG_COMPILER_APPICON_NAME = AppIcon;
				CODE_SIGN_STYLE = Automatic;
				DEVELOPMENT_TEAM = W9875NV3WF;
				INFOPLIST_FILE = ARMeasurementScreenBlogPost/Info.plist;
				IPHONEOS_DEPLOYMENT_TARGET = 13.4;
				LD_RUNPATH_SEARCH_PATHS = (
					"$(inherited)",
					"@executable_path/Frameworks",
				);
				PRODUCT_BUNDLE_IDENTIFIER = com.hippo.ARMeasurementScreenBlogPost;
				PRODUCT_NAME = "$(TARGET_NAME)";
				SWIFT_VERSION = 5.0;
				TARGETED_DEVICE_FAMILY = 1;
			};
			name = Debug;
		};
		F9720BFD247B08E20070C4DF /* Release */ = {
			isa = XCBuildConfiguration;
			buildSettings = {
				ASSETCATALOG_COMPILER_APPICON_NAME = AppIcon;
				CODE_SIGN_STYLE = Automatic;
				DEVELOPMENT_TEAM = W9875NV3WF;
				INFOPLIST_FILE = ARMeasurementScreenBlogPost/Info.plist;
				IPHONEOS_DEPLOYMENT_TARGET = 13.4;
				LD_RUNPATH_SEARCH_PATHS = (
					"$(inherited)",
					"@executable_path/Frameworks",
				);
				PRODUCT_BUNDLE_IDENTIFIER = com.hippo.ARMeasurementScreenBlogPost;
				PRODUCT_NAME = "$(TARGET_NAME)";
				SWIFT_VERSION = 5.0;
				TARGETED_DEVICE_FAMILY = 1;
			};
			name = Release;
		};
/* End XCBuildConfiguration section */

/* Begin XCConfigurationList section */
		F9720BE2247B08E10070C4DF /* Build configuration list for PBXProject "ARMeasurementScreenBlogPost" */ = {
			isa = XCConfigurationList;
			buildConfigurations = (
				F9720BF9247B08E20070C4DF /* Debug */,
				F9720BFA247B08E20070C4DF /* Release */,
			);
			defaultConfigurationIsVisible = 0;
			defaultConfigurationName = Release;
		};
		F9720BFB247B08E20070C4DF /* Build configuration list for PBXNativeTarget "ARMeasurementScreenBlogPost" */ = {
			isa = XCConfigurationList;
			buildConfigurations = (
				F9720BFC247B08E20070C4DF /* Debug */,
				F9720BFD247B08E20070C4DF /* Release */,
			);
			defaultConfigurationIsVisible = 0;
			defaultConfigurationName = Release;
		};
/* End XCConfigurationList section */
	};
	rootObject = F9720BDF247B08E10070C4DF /* Project object */;
}
